// !$*UTF8*$!
{
	archiveVersion = 1;
	classes = {
	};
	objectVersion = 50;
	objects = {

/* Begin PBXBuildFile section */
		263BA022A1D26790297A8BB3 /* Pods_SwedLonUITests.framework in Frameworks */ = {isa = PBXBuildFile; fileRef = 7226E28E445574CAD54A402D /* Pods_SwedLonUITests.framework */; };
		5C41B377AC307C636B1B8665 /* Pods_SwedLonTests.framework in Frameworks */ = {isa = PBXBuildFile; fileRef = 87061CD4C293DA365B89682E /* Pods_SwedLonTests.framework */; };
		61251A470A28307F7E17532E /* Pods_SwedLon.framework in Frameworks */ = {isa = PBXBuildFile; fileRef = 8FD360338F4FBBDE7CDA1559 /* Pods_SwedLon.framework */; };
		C0000A4F207E394200B7BE20 /* CompanyCell.swift in Sources */ = {isa = PBXBuildFile; fileRef = C0000A4E207E394200B7BE20 /* CompanyCell.swift */; };
		C0000A52207E398E00B7BE20 /* CollectionExtension.swift in Sources */ = {isa = PBXBuildFile; fileRef = C0000A51207E398E00B7BE20 /* CollectionExtension.swift */; };
		C0000A55207E3F6400B7BE20 /* CompanyModel.swift in Sources */ = {isa = PBXBuildFile; fileRef = C0000A54207E3F6400B7BE20 /* CompanyModel.swift */; };
		C0000A58207F7E0A00B7BE20 /* CurrencyCell.swift in Sources */ = {isa = PBXBuildFile; fileRef = C0000A57207F7E0A00B7BE20 /* CurrencyCell.swift */; };
		C0F6741F207DF03500E10E82 /* AppDelegate.swift in Sources */ = {isa = PBXBuildFile; fileRef = C0F6741E207DF03500E10E82 /* AppDelegate.swift */; };
		C0F67424207DF03600E10E82 /* Main.storyboard in Resources */ = {isa = PBXBuildFile; fileRef = C0F67422207DF03600E10E82 /* Main.storyboard */; };
		C0F67427207DF03600E10E82 /* SwedLon.xcdatamodeld in Sources */ = {isa = PBXBuildFile; fileRef = C0F67425207DF03600E10E82 /* SwedLon.xcdatamodeld */; };
		C0F67429207DF03700E10E82 /* Assets.xcassets in Resources */ = {isa = PBXBuildFile; fileRef = C0F67428207DF03700E10E82 /* Assets.xcassets */; };
		C0F6742C207DF03700E10E82 /* LaunchScreen.storyboard in Resources */ = {isa = PBXBuildFile; fileRef = C0F6742A207DF03700E10E82 /* LaunchScreen.storyboard */; };
		C0F67437207DF03700E10E82 /* SwedLonTests.swift in Sources */ = {isa = PBXBuildFile; fileRef = C0F67436207DF03700E10E82 /* SwedLonTests.swift */; };
		C0F67442207DF03700E10E82 /* SwedLonUITests.swift in Sources */ = {isa = PBXBuildFile; fileRef = C0F67441207DF03700E10E82 /* SwedLonUITests.swift */; };
		C0F67450207DF07D00E10E82 /* MainVC.swift in Sources */ = {isa = PBXBuildFile; fileRef = C0F6744F207DF07D00E10E82 /* MainVC.swift */; };
/* End PBXBuildFile section */

/* Begin PBXContainerItemProxy section */
		C0F67433207DF03700E10E82 /* PBXContainerItemProxy */ = {
			isa = PBXContainerItemProxy;
			containerPortal = C0F67413207DF03500E10E82 /* Project object */;
			proxyType = 1;
			remoteGlobalIDString = C0F6741A207DF03500E10E82;
			remoteInfo = SwedLon;
		};
		C0F6743E207DF03700E10E82 /* PBXContainerItemProxy */ = {
			isa = PBXContainerItemProxy;
			containerPortal = C0F67413207DF03500E10E82 /* Project object */;
			proxyType = 1;
			remoteGlobalIDString = C0F6741A207DF03500E10E82;
			remoteInfo = SwedLon;
		};
/* End PBXContainerItemProxy section */

/* Begin PBXFileReference section */
		244177E7802F2153E4C1AB8E /* Pods-SwedLon.debug.xcconfig */ = {isa = PBXFileReference; includeInIndex = 1; lastKnownFileType = text.xcconfig; name = "Pods-SwedLon.debug.xcconfig"; path = "Pods/Target Support Files/Pods-SwedLon/Pods-SwedLon.debug.xcconfig"; sourceTree = "<group>"; };
		3793E7AC30920326BC7EC281 /* Pods-SwedLon.release.xcconfig */ = {isa = PBXFileReference; includeInIndex = 1; lastKnownFileType = text.xcconfig; name = "Pods-SwedLon.release.xcconfig"; path = "Pods/Target Support Files/Pods-SwedLon/Pods-SwedLon.release.xcconfig"; sourceTree = "<group>"; };
		7226E28E445574CAD54A402D /* Pods_SwedLonUITests.framework */ = {isa = PBXFileReference; explicitFileType = wrapper.framework; includeInIndex = 0; path = Pods_SwedLonUITests.framework; sourceTree = BUILT_PRODUCTS_DIR; };
		87061CD4C293DA365B89682E /* Pods_SwedLonTests.framework */ = {isa = PBXFileReference; explicitFileType = wrapper.framework; includeInIndex = 0; path = Pods_SwedLonTests.framework; sourceTree = BUILT_PRODUCTS_DIR; };
		8FD360338F4FBBDE7CDA1559 /* Pods_SwedLon.framework */ = {isa = PBXFileReference; explicitFileType = wrapper.framework; includeInIndex = 0; path = Pods_SwedLon.framework; sourceTree = BUILT_PRODUCTS_DIR; };
		9951FE67CE61FAC99717BB2E /* Pods-SwedLonTests.debug.xcconfig */ = {isa = PBXFileReference; includeInIndex = 1; lastKnownFileType = text.xcconfig; name = "Pods-SwedLonTests.debug.xcconfig"; path = "Pods/Target Support Files/Pods-SwedLonTests/Pods-SwedLonTests.debug.xcconfig"; sourceTree = "<group>"; };
		C0000A4E207E394200B7BE20 /* CompanyCell.swift */ = {isa = PBXFileReference; lastKnownFileType = sourcecode.swift; path = CompanyCell.swift; sourceTree = "<group>"; };
		C0000A51207E398E00B7BE20 /* CollectionExtension.swift */ = {isa = PBXFileReference; lastKnownFileType = sourcecode.swift; path = CollectionExtension.swift; sourceTree = "<group>"; };
		C0000A54207E3F6400B7BE20 /* CompanyModel.swift */ = {isa = PBXFileReference; lastKnownFileType = sourcecode.swift; path = CompanyModel.swift; sourceTree = "<group>"; };
		C0000A57207F7E0A00B7BE20 /* CurrencyCell.swift */ = {isa = PBXFileReference; lastKnownFileType = sourcecode.swift; path = CurrencyCell.swift; sourceTree = "<group>"; };
		C0F6741B207DF03500E10E82 /* SwedLon.app */ = {isa = PBXFileReference; explicitFileType = wrapper.application; includeInIndex = 0; path = SwedLon.app; sourceTree = BUILT_PRODUCTS_DIR; };
		C0F6741E207DF03500E10E82 /* AppDelegate.swift */ = {isa = PBXFileReference; lastKnownFileType = sourcecode.swift; path = AppDelegate.swift; sourceTree = "<group>"; };
		C0F67423207DF03600E10E82 /* Base */ = {isa = PBXFileReference; lastKnownFileType = file.storyboard; name = Base; path = Base.lproj/Main.storyboard; sourceTree = "<group>"; };
		C0F67426207DF03600E10E82 /* SwedLon.xcdatamodel */ = {isa = PBXFileReference; lastKnownFileType = wrapper.xcdatamodel; path = SwedLon.xcdatamodel; sourceTree = "<group>"; };
		C0F67428207DF03700E10E82 /* Assets.xcassets */ = {isa = PBXFileReference; lastKnownFileType = folder.assetcatalog; path = Assets.xcassets; sourceTree = "<group>"; };
		C0F6742B207DF03700E10E82 /* Base */ = {isa = PBXFileReference; lastKnownFileType = file.storyboard; name = Base; path = Base.lproj/LaunchScreen.storyboard; sourceTree = "<group>"; };
		C0F6742D207DF03700E10E82 /* Info.plist */ = {isa = PBXFileReference; lastKnownFileType = text.plist.xml; path = Info.plist; sourceTree = "<group>"; };
		C0F67432207DF03700E10E82 /* SwedLonTests.xctest */ = {isa = PBXFileReference; explicitFileType = wrapper.cfbundle; includeInIndex = 0; path = SwedLonTests.xctest; sourceTree = BUILT_PRODUCTS_DIR; };
		C0F67436207DF03700E10E82 /* SwedLonTests.swift */ = {isa = PBXFileReference; lastKnownFileType = sourcecode.swift; path = SwedLonTests.swift; sourceTree = "<group>"; };
		C0F67438207DF03700E10E82 /* Info.plist */ = {isa = PBXFileReference; lastKnownFileType = text.plist.xml; path = Info.plist; sourceTree = "<group>"; };
		C0F6743D207DF03700E10E82 /* SwedLonUITests.xctest */ = {isa = PBXFileReference; explicitFileType = wrapper.cfbundle; includeInIndex = 0; path = SwedLonUITests.xctest; sourceTree = BUILT_PRODUCTS_DIR; };
		C0F67441207DF03700E10E82 /* SwedLonUITests.swift */ = {isa = PBXFileReference; lastKnownFileType = sourcecode.swift; path = SwedLonUITests.swift; sourceTree = "<group>"; };
		C0F67443207DF03700E10E82 /* Info.plist */ = {isa = PBXFileReference; lastKnownFileType = text.plist.xml; path = Info.plist; sourceTree = "<group>"; };
		C0F6744F207DF07D00E10E82 /* MainVC.swift */ = {isa = PBXFileReference; lastKnownFileType = sourcecode.swift; path = MainVC.swift; sourceTree = "<group>"; };
		C2E45E16CC9C48C265D62C0B /* Pods-SwedLonUITests.release.xcconfig */ = {isa = PBXFileReference; includeInIndex = 1; lastKnownFileType = text.xcconfig; name = "Pods-SwedLonUITests.release.xcconfig"; path = "Pods/Target Support Files/Pods-SwedLonUITests/Pods-SwedLonUITests.release.xcconfig"; sourceTree = "<group>"; };
		F0E30CA9EECCA2B17CB6BBA0 /* Pods-SwedLonTests.release.xcconfig */ = {isa = PBXFileReference; includeInIndex = 1; lastKnownFileType = text.xcconfig; name = "Pods-SwedLonTests.release.xcconfig"; path = "Pods/Target Support Files/Pods-SwedLonTests/Pods-SwedLonTests.release.xcconfig"; sourceTree = "<group>"; };
		F5C3F446144538F212AE09FA /* Pods-SwedLonUITests.debug.xcconfig */ = {isa = PBXFileReference; includeInIndex = 1; lastKnownFileType = text.xcconfig; name = "Pods-SwedLonUITests.debug.xcconfig"; path = "Pods/Target Support Files/Pods-SwedLonUITests/Pods-SwedLonUITests.debug.xcconfig"; sourceTree = "<group>"; };
/* End PBXFileReference section */

/* Begin PBXFrameworksBuildPhase section */
		C0F67418207DF03500E10E82 /* Frameworks */ = {
			isa = PBXFrameworksBuildPhase;
			buildActionMask = 2147483647;
			files = (
				61251A470A28307F7E17532E /* Pods_SwedLon.framework in Frameworks */,
			);
			runOnlyForDeploymentPostprocessing = 0;
		};
		C0F6742F207DF03700E10E82 /* Frameworks */ = {
			isa = PBXFrameworksBuildPhase;
			buildActionMask = 2147483647;
			files = (
				5C41B377AC307C636B1B8665 /* Pods_SwedLonTests.framework in Frameworks */,
			);
			runOnlyForDeploymentPostprocessing = 0;
		};
		C0F6743A207DF03700E10E82 /* Frameworks */ = {
			isa = PBXFrameworksBuildPhase;
			buildActionMask = 2147483647;
			files = (
				263BA022A1D26790297A8BB3 /* Pods_SwedLonUITests.framework in Frameworks */,
			);
			runOnlyForDeploymentPostprocessing = 0;
		};
/* End PBXFrameworksBuildPhase section */

/* Begin PBXGroup section */
		27699134E687752DCF3E8E55 /* Pods */ = {
			isa = PBXGroup;
			children = (
				244177E7802F2153E4C1AB8E /* Pods-SwedLon.debug.xcconfig */,
				3793E7AC30920326BC7EC281 /* Pods-SwedLon.release.xcconfig */,
				9951FE67CE61FAC99717BB2E /* Pods-SwedLonTests.debug.xcconfig */,
				F0E30CA9EECCA2B17CB6BBA0 /* Pods-SwedLonTests.release.xcconfig */,
				F5C3F446144538F212AE09FA /* Pods-SwedLonUITests.debug.xcconfig */,
				C2E45E16CC9C48C265D62C0B /* Pods-SwedLonUITests.release.xcconfig */,
			);
			name = Pods;
			sourceTree = "<group>";
		};
		C0000A4D207E335500B7BE20 /* ViewControllers */ = {
			isa = PBXGroup;
			children = (
				C0F6744F207DF07D00E10E82 /* MainVC.swift */,
			);
			path = ViewControllers;
			sourceTree = "<group>";
		};
		C0000A50207E394C00B7BE20 /* CellModels */ = {
			isa = PBXGroup;
			children = (
				C0000A4E207E394200B7BE20 /* CompanyCell.swift */,
				C0000A57207F7E0A00B7BE20 /* CurrencyCell.swift */,
			);
			path = CellModels;
			sourceTree = "<group>";
		};
		C0000A53207E3B4100B7BE20 /* Extensions */ = {
			isa = PBXGroup;
			children = (
				C0000A51207E398E00B7BE20 /* CollectionExtension.swift */,
			);
			path = Extensions;
			sourceTree = "<group>";
		};
		C0000A56207E404400B7BE20 /* AdditionalClasses */ = {
			isa = PBXGroup;
			children = (
				C0000A54207E3F6400B7BE20 /* CompanyModel.swift */,
			);
			path = AdditionalClasses;
			sourceTree = "<group>";
		};
		C0F67412207DF03500E10E82 = {
			isa = PBXGroup;
			children = (
				C0F6741D207DF03500E10E82 /* SwedLon */,
				C0F67435207DF03700E10E82 /* SwedLonTests */,
				C0F67440207DF03700E10E82 /* SwedLonUITests */,
				C0F6741C207DF03500E10E82 /* Products */,
				27699134E687752DCF3E8E55 /* Pods */,
				C75B9FFD55681B92626266A7 /* Frameworks */,
			);
			sourceTree = "<group>";
		};
		C0F6741C207DF03500E10E82 /* Products */ = {
			isa = PBXGroup;
			children = (
				C0F6741B207DF03500E10E82 /* SwedLon.app */,
				C0F67432207DF03700E10E82 /* SwedLonTests.xctest */,
				C0F6743D207DF03700E10E82 /* SwedLonUITests.xctest */,
			);
			name = Products;
			sourceTree = "<group>";
		};
		C0F6741D207DF03500E10E82 /* SwedLon */ = {
			isa = PBXGroup;
			children = (
				C0000A56207E404400B7BE20 /* AdditionalClasses */,
				C0000A53207E3B4100B7BE20 /* Extensions */,
				C0000A4D207E335500B7BE20 /* ViewControllers */,
				C0000A50207E394C00B7BE20 /* CellModels */,
				C0F67422207DF03600E10E82 /* Main.storyboard */,
				C0F6741E207DF03500E10E82 /* AppDelegate.swift */,
				C0F67428207DF03700E10E82 /* Assets.xcassets */,
				C0F6742A207DF03700E10E82 /* LaunchScreen.storyboard */,
				C0F6742D207DF03700E10E82 /* Info.plist */,
				C0F67425207DF03600E10E82 /* SwedLon.xcdatamodeld */,
			);
			path = SwedLon;
			sourceTree = "<group>";
		};
		C0F67435207DF03700E10E82 /* SwedLonTests */ = {
			isa = PBXGroup;
			children = (
				C0F67436207DF03700E10E82 /* SwedLonTests.swift */,
				C0F67438207DF03700E10E82 /* Info.plist */,
			);
			path = SwedLonTests;
			sourceTree = "<group>";
		};
		C0F67440207DF03700E10E82 /* SwedLonUITests */ = {
			isa = PBXGroup;
			children = (
				C0F67441207DF03700E10E82 /* SwedLonUITests.swift */,
				C0F67443207DF03700E10E82 /* Info.plist */,
			);
			path = SwedLonUITests;
			sourceTree = "<group>";
		};
		C75B9FFD55681B92626266A7 /* Frameworks */ = {
			isa = PBXGroup;
			children = (
				8FD360338F4FBBDE7CDA1559 /* Pods_SwedLon.framework */,
				87061CD4C293DA365B89682E /* Pods_SwedLonTests.framework */,
				7226E28E445574CAD54A402D /* Pods_SwedLonUITests.framework */,
			);
			name = Frameworks;
			sourceTree = "<group>";
		};
/* End PBXGroup section */

/* Begin PBXNativeTarget section */
		C0F6741A207DF03500E10E82 /* SwedLon */ = {
			isa = PBXNativeTarget;
			buildConfigurationList = C0F67446207DF03700E10E82 /* Build configuration list for PBXNativeTarget "SwedLon" */;
			buildPhases = (
				62AA866F6D20B8F0A90B5B5F /* [CP] Check Pods Manifest.lock */,
				C0F67417207DF03500E10E82 /* Sources */,
				C0F67418207DF03500E10E82 /* Frameworks */,
				C0F67419207DF03500E10E82 /* Resources */,
				3FF0D01D732B5D9C3B495515 /* [CP] Embed Pods Frameworks */,
				3C0ED659E5F0688FF951CE9A /* [CP] Copy Pods Resources */,
			);
			buildRules = (
			);
			dependencies = (
			);
			name = SwedLon;
			productName = SwedLon;
			productReference = C0F6741B207DF03500E10E82 /* SwedLon.app */;
			productType = "com.apple.product-type.application";
		};
		C0F67431207DF03700E10E82 /* SwedLonTests */ = {
			isa = PBXNativeTarget;
			buildConfigurationList = C0F67449207DF03700E10E82 /* Build configuration list for PBXNativeTarget "SwedLonTests" */;
			buildPhases = (
				1992D5B55302EF13CFEC55D7 /* [CP] Check Pods Manifest.lock */,
				C0F6742E207DF03700E10E82 /* Sources */,
				C0F6742F207DF03700E10E82 /* Frameworks */,
				C0F67430207DF03700E10E82 /* Resources */,
				B1E9DE77B4AAF92D94945615 /* [CP] Embed Pods Frameworks */,
				59BD8C79F77EE2C759D9F730 /* [CP] Copy Pods Resources */,
			);
			buildRules = (
			);
			dependencies = (
				C0F67434207DF03700E10E82 /* PBXTargetDependency */,
			);
			name = SwedLonTests;
			productName = SwedLonTests;
			productReference = C0F67432207DF03700E10E82 /* SwedLonTests.xctest */;
			productType = "com.apple.product-type.bundle.unit-test";
		};
		C0F6743C207DF03700E10E82 /* SwedLonUITests */ = {
			isa = PBXNativeTarget;
			buildConfigurationList = C0F6744C207DF03700E10E82 /* Build configuration list for PBXNativeTarget "SwedLonUITests" */;
			buildPhases = (
				B0AC1CEBA953DE3F4C966F3B /* [CP] Check Pods Manifest.lock */,
				C0F67439207DF03700E10E82 /* Sources */,
				C0F6743A207DF03700E10E82 /* Frameworks */,
				C0F6743B207DF03700E10E82 /* Resources */,
				F564AC50216BE5F28228EE7E /* [CP] Embed Pods Frameworks */,
				8ECE7855DF1A08AB478C4C93 /* [CP] Copy Pods Resources */,
			);
			buildRules = (
			);
			dependencies = (
				C0F6743F207DF03700E10E82 /* PBXTargetDependency */,
			);
			name = SwedLonUITests;
			productName = SwedLonUITests;
			productReference = C0F6743D207DF03700E10E82 /* SwedLonUITests.xctest */;
			productType = "com.apple.product-type.bundle.ui-testing";
		};
/* End PBXNativeTarget section */

/* Begin PBXProject section */
		C0F67413207DF03500E10E82 /* Project object */ = {
			isa = PBXProject;
			attributes = {
				LastSwiftUpdateCheck = 0930;
				LastUpgradeCheck = 0930;
				ORGANIZATIONNAME = "Uladzislau Daratsiuk";
				TargetAttributes = {
					C0F6741A207DF03500E10E82 = {
						CreatedOnToolsVersion = 9.3;
					};
					C0F67431207DF03700E10E82 = {
						CreatedOnToolsVersion = 9.3;
						TestTargetID = C0F6741A207DF03500E10E82;
					};
					C0F6743C207DF03700E10E82 = {
						CreatedOnToolsVersion = 9.3;
						TestTargetID = C0F6741A207DF03500E10E82;
					};
				};
			};
			buildConfigurationList = C0F67416207DF03500E10E82 /* Build configuration list for PBXProject "SwedLon" */;
			compatibilityVersion = "Xcode 9.3";
			developmentRegion = en;
			hasScannedForEncodings = 0;
			knownRegions = (
				en,
				Base,
			);
			mainGroup = C0F67412207DF03500E10E82;
			productRefGroup = C0F6741C207DF03500E10E82 /* Products */;
			projectDirPath = "";
			projectRoot = "";
			targets = (
				C0F6741A207DF03500E10E82 /* SwedLon */,
				C0F67431207DF03700E10E82 /* SwedLonTests */,
				C0F6743C207DF03700E10E82 /* SwedLonUITests */,
			);
		};
/* End PBXProject section */

/* Begin PBXResourcesBuildPhase section */
		C0F67419207DF03500E10E82 /* Resources */ = {
			isa = PBXResourcesBuildPhase;
			buildActionMask = 2147483647;
			files = (
				C0F6742C207DF03700E10E82 /* LaunchScreen.storyboard in Resources */,
				C0F67429207DF03700E10E82 /* Assets.xcassets in Resources */,
				C0F67424207DF03600E10E82 /* Main.storyboard in Resources */,
			);
			runOnlyForDeploymentPostprocessing = 0;
		};
		C0F67430207DF03700E10E82 /* Resources */ = {
			isa = PBXResourcesBuildPhase;
			buildActionMask = 2147483647;
			files = (
			);
			runOnlyForDeploymentPostprocessing = 0;
		};
		C0F6743B207DF03700E10E82 /* Resources */ = {
			isa = PBXResourcesBuildPhase;
			buildActionMask = 2147483647;
			files = (
			);
			runOnlyForDeploymentPostprocessing = 0;
		};
/* End PBXResourcesBuildPhase section */

/* Begin PBXShellScriptBuildPhase section */
		1992D5B55302EF13CFEC55D7 /* [CP] Check Pods Manifest.lock */ = {
			isa = PBXShellScriptBuildPhase;
			buildActionMask = 2147483647;
			files = (
			);
			inputPaths = (
				"${PODS_PODFILE_DIR_PATH}/Podfile.lock",
				"${PODS_ROOT}/Manifest.lock",
			);
			name = "[CP] Check Pods Manifest.lock";
			outputPaths = (
				"$(DERIVED_FILE_DIR)/Pods-SwedLonTests-checkManifestLockResult.txt",
			);
			runOnlyForDeploymentPostprocessing = 0;
			shellPath = /bin/sh;
			shellScript = "diff \"${PODS_PODFILE_DIR_PATH}/Podfile.lock\" \"${PODS_ROOT}/Manifest.lock\" > /dev/null\nif [ $? != 0 ] ; then\n    # print error to STDERR\n    echo \"error: The sandbox is not in sync with the Podfile.lock. Run 'pod install' or update your CocoaPods installation.\" >&2\n    exit 1\nfi\n# This output is used by Xcode 'outputs' to avoid re-running this script phase.\necho \"SUCCESS\" > \"${SCRIPT_OUTPUT_FILE_0}\"\n";
			showEnvVarsInLog = 0;
		};
		3C0ED659E5F0688FF951CE9A /* [CP] Copy Pods Resources */ = {
			isa = PBXShellScriptBuildPhase;
			buildActionMask = 2147483647;
			files = (
			);
			inputPaths = (
			);
			name = "[CP] Copy Pods Resources";
			outputPaths = (
			);
			runOnlyForDeploymentPostprocessing = 0;
			shellPath = /bin/sh;
			shellScript = "\"${SRCROOT}/Pods/Target Support Files/Pods-SwedLon/Pods-SwedLon-resources.sh\"\n";
			showEnvVarsInLog = 0;
		};
		3FF0D01D732B5D9C3B495515 /* [CP] Embed Pods Frameworks */ = {
			isa = PBXShellScriptBuildPhase;
			buildActionMask = 2147483647;
			files = (
			);
			inputPaths = (
				"${SRCROOT}/Pods/Target Support Files/Pods-SwedLon/Pods-SwedLon-frameworks.sh",
				"${BUILT_PRODUCTS_DIR}/Charts/Charts.framework",
			);
			name = "[CP] Embed Pods Frameworks";
			outputPaths = (
				"${TARGET_BUILD_DIR}/${FRAMEWORKS_FOLDER_PATH}/Charts.framework",
			);
			runOnlyForDeploymentPostprocessing = 0;
			shellPath = /bin/sh;
			shellScript = "\"${SRCROOT}/Pods/Target Support Files/Pods-SwedLon/Pods-SwedLon-frameworks.sh\"\n";
			showEnvVarsInLog = 0;
		};
		59BD8C79F77EE2C759D9F730 /* [CP] Copy Pods Resources */ = {
			isa = PBXShellScriptBuildPhase;
			buildActionMask = 2147483647;
			files = (
			);
			inputPaths = (
			);
			name = "[CP] Copy Pods Resources";
			outputPaths = (
			);
			runOnlyForDeploymentPostprocessing = 0;
			shellPath = /bin/sh;
			shellScript = "\"${SRCROOT}/Pods/Target Support Files/Pods-SwedLonTests/Pods-SwedLonTests-resources.sh\"\n";
			showEnvVarsInLog = 0;
		};
		62AA866F6D20B8F0A90B5B5F /* [CP] Check Pods Manifest.lock */ = {
			isa = PBXShellScriptBuildPhase;
			buildActionMask = 2147483647;
			files = (
			);
			inputPaths = (
				"${PODS_PODFILE_DIR_PATH}/Podfile.lock",
				"${PODS_ROOT}/Manifest.lock",
			);
			name = "[CP] Check Pods Manifest.lock";
			outputPaths = (
				"$(DERIVED_FILE_DIR)/Pods-SwedLon-checkManifestLockResult.txt",
			);
			runOnlyForDeploymentPostprocessing = 0;
			shellPath = /bin/sh;
			shellScript = "diff \"${PODS_PODFILE_DIR_PATH}/Podfile.lock\" \"${PODS_ROOT}/Manifest.lock\" > /dev/null\nif [ $? != 0 ] ; then\n    # print error to STDERR\n    echo \"error: The sandbox is not in sync with the Podfile.lock. Run 'pod install' or update your CocoaPods installation.\" >&2\n    exit 1\nfi\n# This output is used by Xcode 'outputs' to avoid re-running this script phase.\necho \"SUCCESS\" > \"${SCRIPT_OUTPUT_FILE_0}\"\n";
			showEnvVarsInLog = 0;
		};
		8ECE7855DF1A08AB478C4C93 /* [CP] Copy Pods Resources */ = {
			isa = PBXShellScriptBuildPhase;
			buildActionMask = 2147483647;
			files = (
			);
			inputPaths = (
			);
			name = "[CP] Copy Pods Resources";
			outputPaths = (
			);
			runOnlyForDeploymentPostprocessing = 0;
			shellPath = /bin/sh;
			shellScript = "\"${SRCROOT}/Pods/Target Support Files/Pods-SwedLonUITests/Pods-SwedLonUITests-resources.sh\"\n";
			showEnvVarsInLog = 0;
		};
		B0AC1CEBA953DE3F4C966F3B /* [CP] Check Pods Manifest.lock */ = {
			isa = PBXShellScriptBuildPhase;
			buildActionMask = 2147483647;
			files = (
			);
			inputPaths = (
				"${PODS_PODFILE_DIR_PATH}/Podfile.lock",
				"${PODS_ROOT}/Manifest.lock",
			);
			name = "[CP] Check Pods Manifest.lock";
			outputPaths = (
				"$(DERIVED_FILE_DIR)/Pods-SwedLonUITests-checkManifestLockResult.txt",
			);
			runOnlyForDeploymentPostprocessing = 0;
			shellPath = /bin/sh;
			shellScript = "diff \"${PODS_PODFILE_DIR_PATH}/Podfile.lock\" \"${PODS_ROOT}/Manifest.lock\" > /dev/null\nif [ $? != 0 ] ; then\n    # print error to STDERR\n    echo \"error: The sandbox is not in sync with the Podfile.lock. Run 'pod install' or update your CocoaPods installation.\" >&2\n    exit 1\nfi\n# This output is used by Xcode 'outputs' to avoid re-running this script phase.\necho \"SUCCESS\" > \"${SCRIPT_OUTPUT_FILE_0}\"\n";
			showEnvVarsInLog = 0;
		};
		B1E9DE77B4AAF92D94945615 /* [CP] Embed Pods Frameworks */ = {
			isa = PBXShellScriptBuildPhase;
			buildActionMask = 2147483647;
			files = (
			);
			inputPaths = (
			);
			name = "[CP] Embed Pods Frameworks";
			outputPaths = (
			);
			runOnlyForDeploymentPostprocessing = 0;
			shellPath = /bin/sh;
			shellScript = "\"${SRCROOT}/Pods/Target Support Files/Pods-SwedLonTests/Pods-SwedLonTests-frameworks.sh\"\n";
			showEnvVarsInLog = 0;
		};
		F564AC50216BE5F28228EE7E /* [CP] Embed Pods Frameworks */ = {
			isa = PBXShellScriptBuildPhase;
			buildActionMask = 2147483647;
			files = (
			);
			inputPaths = (
			);
			name = "[CP] Embed Pods Frameworks";
			outputPaths = (
			);
			runOnlyForDeploymentPostprocessing = 0;
			shellPath = /bin/sh;
			shellScript = "\"${SRCROOT}/Pods/Target Support Files/Pods-SwedLonUITests/Pods-SwedLonUITests-frameworks.sh\"\n";
			showEnvVarsInLog = 0;
		};
/* End PBXShellScriptBuildPhase section */

/* Begin PBXSourcesBuildPhase section */
		C0F67417207DF03500E10E82 /* Sources */ = {
			isa = PBXSourcesBuildPhase;
			buildActionMask = 2147483647;
			files = (
				C0F67427207DF03600E10E82 /* SwedLon.xcdatamodeld in Sources */,
				C0000A55207E3F6400B7BE20 /* CompanyModel.swift in Sources */,
				C0000A4F207E394200B7BE20 /* CompanyCell.swift in Sources */,
				C0000A52207E398E00B7BE20 /* CollectionExtension.swift in Sources */,
				C0000A58207F7E0A00B7BE20 /* CurrencyCell.swift in Sources */,
				C0F67450207DF07D00E10E82 /* MainVC.swift in Sources */,
				C0F6741F207DF03500E10E82 /* AppDelegate.swift in Sources */,
			);
			runOnlyForDeploymentPostprocessing = 0;
		};
		C0F6742E207DF03700E10E82 /* Sources */ = {
			isa = PBXSourcesBuildPhase;
			buildActionMask = 2147483647;
			files = (
				C0F67437207DF03700E10E82 /* SwedLonTests.swift in Sources */,
			);
			runOnlyForDeploymentPostprocessing = 0;
		};
		C0F67439207DF03700E10E82 /* Sources */ = {
			isa = PBXSourcesBuildPhase;
			buildActionMask = 2147483647;
			files = (
				C0F67442207DF03700E10E82 /* SwedLonUITests.swift in Sources */,
			);
			runOnlyForDeploymentPostprocessing = 0;
		};
/* End PBXSourcesBuildPhase section */

/* Begin PBXTargetDependency section */
		C0F67434207DF03700E10E82 /* PBXTargetDependency */ = {
			isa = PBXTargetDependency;
			target = C0F6741A207DF03500E10E82 /* SwedLon */;
			targetProxy = C0F67433207DF03700E10E82 /* PBXContainerItemProxy */;
		};
		C0F6743F207DF03700E10E82 /* PBXTargetDependency */ = {
			isa = PBXTargetDependency;
			target = C0F6741A207DF03500E10E82 /* SwedLon */;
			targetProxy = C0F6743E207DF03700E10E82 /* PBXContainerItemProxy */;
		};
/* End PBXTargetDependency section */

/* Begin PBXVariantGroup section */
		C0F67422207DF03600E10E82 /* Main.storyboard */ = {
			isa = PBXVariantGroup;
			children = (
				C0F67423207DF03600E10E82 /* Base */,
			);
			name = Main.storyboard;
			sourceTree = "<group>";
		};
		C0F6742A207DF03700E10E82 /* LaunchScreen.storyboard */ = {
			isa = PBXVariantGroup;
			children = (
				C0F6742B207DF03700E10E82 /* Base */,
			);
			name = LaunchScreen.storyboard;
			sourceTree = "<group>";
		};
/* End PBXVariantGroup section */

/* Begin XCBuildConfiguration section */
		C0F67444207DF03700E10E82 /* Debug */ = {
			isa = XCBuildConfiguration;
			buildSettings = {
				ALWAYS_SEARCH_USER_PATHS = NO;
				CLANG_ANALYZER_NONNULL = YES;
				CLANG_ANALYZER_NUMBER_OBJECT_CONVERSION = YES_AGGRESSIVE;
				CLANG_CXX_LANGUAGE_STANDARD = "gnu++14";
				CLANG_CXX_LIBRARY = "libc++";
				CLANG_ENABLE_MODULES = YES;
				CLANG_ENABLE_OBJC_ARC = YES;
				CLANG_ENABLE_OBJC_WEAK = YES;
				CLANG_WARN_BLOCK_CAPTURE_AUTORELEASING = YES;
				CLANG_WARN_BOOL_CONVERSION = YES;
				CLANG_WARN_COMMA = YES;
				CLANG_WARN_CONSTANT_CONVERSION = YES;
				CLANG_WARN_DEPRECATED_OBJC_IMPLEMENTATIONS = YES;
				CLANG_WARN_DIRECT_OBJC_ISA_USAGE = YES_ERROR;
				CLANG_WARN_DOCUMENTATION_COMMENTS = YES;
				CLANG_WARN_EMPTY_BODY = YES;
				CLANG_WARN_ENUM_CONVERSION = YES;
				CLANG_WARN_INFINITE_RECURSION = YES;
				CLANG_WARN_INT_CONVERSION = YES;
				CLANG_WARN_NON_LITERAL_NULL_CONVERSION = YES;
				CLANG_WARN_OBJC_IMPLICIT_RETAIN_SELF = YES;
				CLANG_WARN_OBJC_LITERAL_CONVERSION = YES;
				CLANG_WARN_OBJC_ROOT_CLASS = YES_ERROR;
				CLANG_WARN_RANGE_LOOP_ANALYSIS = YES;
				CLANG_WARN_STRICT_PROTOTYPES = YES;
				CLANG_WARN_SUSPICIOUS_MOVE = YES;
				CLANG_WARN_UNGUARDED_AVAILABILITY = YES_AGGRESSIVE;
				CLANG_WARN_UNREACHABLE_CODE = YES;
				CLANG_WARN__DUPLICATE_METHOD_MATCH = YES;
				CODE_SIGN_IDENTITY = "iPhone Developer";
				COPY_PHASE_STRIP = NO;
				DEBUG_INFORMATION_FORMAT = dwarf;
				ENABLE_STRICT_OBJC_MSGSEND = YES;
				ENABLE_TESTABILITY = YES;
				GCC_C_LANGUAGE_STANDARD = gnu11;
				GCC_DYNAMIC_NO_PIC = NO;
				GCC_NO_COMMON_BLOCKS = YES;
				GCC_OPTIMIZATION_LEVEL = 0;
				GCC_PREPROCESSOR_DEFINITIONS = (
					"DEBUG=1",
					"$(inherited)",
				);
				GCC_WARN_64_TO_32_BIT_CONVERSION = YES;
				GCC_WARN_ABOUT_RETURN_TYPE = YES_ERROR;
				GCC_WARN_UNDECLARED_SELECTOR = YES;
				GCC_WARN_UNINITIALIZED_AUTOS = YES_AGGRESSIVE;
				GCC_WARN_UNUSED_FUNCTION = YES;
				GCC_WARN_UNUSED_VARIABLE = YES;
				IPHONEOS_DEPLOYMENT_TARGET = 11.3;
				MTL_ENABLE_DEBUG_INFO = YES;
				ONLY_ACTIVE_ARCH = YES;
				SDKROOT = iphoneos;
				SWIFT_ACTIVE_COMPILATION_CONDITIONS = DEBUG;
				SWIFT_OPTIMIZATION_LEVEL = "-Onone";
			};
			name = Debug;
		};
		C0F67445207DF03700E10E82 /* Release */ = {
			isa = XCBuildConfiguration;
			buildSettings = {
				ALWAYS_SEARCH_USER_PATHS = NO;
				CLANG_ANALYZER_NONNULL = YES;
				CLANG_ANALYZER_NUMBER_OBJECT_CONVERSION = YES_AGGRESSIVE;
				CLANG_CXX_LANGUAGE_STANDARD = "gnu++14";
				CLANG_CXX_LIBRARY = "libc++";
				CLANG_ENABLE_MODULES = YES;
				CLANG_ENABLE_OBJC_ARC = YES;
				CLANG_ENABLE_OBJC_WEAK = YES;
				CLANG_WARN_BLOCK_CAPTURE_AUTORELEASING = YES;
				CLANG_WARN_BOOL_CONVERSION = YES;
				CLANG_WARN_COMMA = YES;
				CLANG_WARN_CONSTANT_CONVERSION = YES;
				CLANG_WARN_DEPRECATED_OBJC_IMPLEMENTATIONS = YES;
				CLANG_WARN_DIRECT_OBJC_ISA_USAGE = YES_ERROR;
				CLANG_WARN_DOCUMENTATION_COMMENTS = YES;
				CLANG_WARN_EMPTY_BODY = YES;
				CLANG_WARN_ENUM_CONVERSION = YES;
				CLANG_WARN_INFINITE_RECURSION = YES;
				CLANG_WARN_INT_CONVERSION = YES;
				CLANG_WARN_NON_LITERAL_NULL_CONVERSION = YES;
				CLANG_WARN_OBJC_IMPLICIT_RETAIN_SELF = YES;
				CLANG_WARN_OBJC_LITERAL_CONVERSION = YES;
				CLANG_WARN_OBJC_ROOT_CLASS = YES_ERROR;
				CLANG_WARN_RANGE_LOOP_ANALYSIS = YES;
				CLANG_WARN_STRICT_PROTOTYPES = YES;
				CLANG_WARN_SUSPICIOUS_MOVE = YES;
				CLANG_WARN_UNGUARDED_AVAILABILITY = YES_AGGRESSIVE;
				CLANG_WARN_UNREACHABLE_CODE = YES;
				CLANG_WARN__DUPLICATE_METHOD_MATCH = YES;
				CODE_SIGN_IDENTITY = "iPhone Developer";
				COPY_PHASE_STRIP = NO;
				DEBUG_INFORMATION_FORMAT = "dwarf-with-dsym";
				ENABLE_NS_ASSERTIONS = NO;
				ENABLE_STRICT_OBJC_MSGSEND = YES;
				GCC_C_LANGUAGE_STANDARD = gnu11;
				GCC_NO_COMMON_BLOCKS = YES;
				GCC_WARN_64_TO_32_BIT_CONVERSION = YES;
				GCC_WARN_ABOUT_RETURN_TYPE = YES_ERROR;
				GCC_WARN_UNDECLARED_SELECTOR = YES;
				GCC_WARN_UNINITIALIZED_AUTOS = YES_AGGRESSIVE;
				GCC_WARN_UNUSED_FUNCTION = YES;
				GCC_WARN_UNUSED_VARIABLE = YES;
				IPHONEOS_DEPLOYMENT_TARGET = 11.3;
				MTL_ENABLE_DEBUG_INFO = NO;
				SDKROOT = iphoneos;
				SWIFT_COMPILATION_MODE = wholemodule;
				SWIFT_OPTIMIZATION_LEVEL = "-O";
				VALIDATE_PRODUCT = YES;
			};
			name = Release;
		};
		C0F67447207DF03700E10E82 /* Debug */ = {
			isa = XCBuildConfiguration;
			baseConfigurationReference = 244177E7802F2153E4C1AB8E /* Pods-SwedLon.debug.xcconfig */;
			buildSettings = {
				ASSETCATALOG_COMPILER_APPICON_NAME = AppIcon;
				CODE_SIGN_STYLE = Automatic;
				DEVELOPMENT_TEAM = Z4NGAZXKWW;
				INFOPLIST_FILE = SwedLon/Info.plist;
				LD_RUNPATH_SEARCH_PATHS = (
					"$(inherited)",
					"@executable_path/Frameworks",
				);
				PRODUCT_BUNDLE_IDENTIFIER = uladzislau.daratsiuk.SwedLon;
				PRODUCT_NAME = "$(TARGET_NAME)";
				SWIFT_VERSION = 4.0;
				TARGETED_DEVICE_FAMILY = "1,2";
			};
			name = Debug;
		};
		C0F67448207DF03700E10E82 /* Release */ = {
			isa = XCBuildConfiguration;
			baseConfigurationReference = 3793E7AC30920326BC7EC281 /* Pods-SwedLon.release.xcconfig */;
			buildSettings = {
				ASSETCATALOG_COMPILER_APPICON_NAME = AppIcon;
				CODE_SIGN_STYLE = Automatic;
				DEVELOPMENT_TEAM = Z4NGAZXKWW;
				INFOPLIST_FILE = SwedLon/Info.plist;
				LD_RUNPATH_SEARCH_PATHS = (
					"$(inherited)",
					"@executable_path/Frameworks",
				);
				PRODUCT_BUNDLE_IDENTIFIER = uladzislau.daratsiuk.SwedLon;
				PRODUCT_NAME = "$(TARGET_NAME)";
				SWIFT_VERSION = 4.0;
				TARGETED_DEVICE_FAMILY = "1,2";
			};
			name = Release;
		};
		C0F6744A207DF03700E10E82 /* Debug */ = {
			isa = XCBuildConfiguration;
			baseConfigurationReference = 9951FE67CE61FAC99717BB2E /* Pods-SwedLonTests.debug.xcconfig */;
			buildSettings = {
				ALWAYS_EMBED_SWIFT_STANDARD_LIBRARIES = YES;
				BUNDLE_LOADER = "$(TEST_HOST)";
				CODE_SIGN_STYLE = Automatic;
				DEVELOPMENT_TEAM = Z4NGAZXKWW;
				INFOPLIST_FILE = SwedLonTests/Info.plist;
				LD_RUNPATH_SEARCH_PATHS = (
					"$(inherited)",
					"@executable_path/Frameworks",
					"@loader_path/Frameworks",
				);
				PRODUCT_BUNDLE_IDENTIFIER = uladzislau.daratsiuk.SwedLonTests;
				PRODUCT_NAME = "$(TARGET_NAME)";
				SWIFT_VERSION = 4.0;
				TARGETED_DEVICE_FAMILY = "1,2";
				TEST_HOST = "$(BUILT_PRODUCTS_DIR)/SwedLon.app/SwedLon";
			};
			name = Debug;
		};
		C0F6744B207DF03700E10E82 /* Release */ = {
			isa = XCBuildConfiguration;
			baseConfigurationReference = F0E30CA9EECCA2B17CB6BBA0 /* Pods-SwedLonTests.release.xcconfig */;
			buildSettings = {
				ALWAYS_EMBED_SWIFT_STANDARD_LIBRARIES = YES;
				BUNDLE_LOADER = "$(TEST_HOST)";
				CODE_SIGN_STYLE = Automatic;
				DEVELOPMENT_TEAM = Z4NGAZXKWW;
				INFOPLIST_FILE = SwedLonTests/Info.plist;
				LD_RUNPATH_SEARCH_PATHS = (
					"$(inherited)",
					"@executable_path/Frameworks",
					"@loader_path/Frameworks",
				);
				PRODUCT_BUNDLE_IDENTIFIER = uladzislau.daratsiuk.SwedLonTests;
				PRODUCT_NAME = "$(TARGET_NAME)";
				SWIFT_VERSION = 4.0;
				TARGETED_DEVICE_FAMILY = "1,2";
				TEST_HOST = "$(BUILT_PRODUCTS_DIR)/SwedLon.app/SwedLon";
			};
			name = Release;
		};
		C0F6744D207DF03700E10E82 /* Debug */ = {
			isa = XCBuildConfiguration;
			baseConfigurationReference = F5C3F446144538F212AE09FA /* Pods-SwedLonUITests.debug.xcconfig */;
			buildSettings = {
				ALWAYS_EMBED_SWIFT_STANDARD_LIBRARIES = YES;
				CODE_SIGN_STYLE = Automatic;
				DEVELOPMENT_TEAM = Z4NGAZXKWW;
				INFOPLIST_FILE = SwedLonUITests/Info.plist;
				LD_RUNPATH_SEARCH_PATHS = (
					"$(inherited)",
					"@executable_path/Frameworks",
					"@loader_path/Frameworks",
				);
				PRODUCT_BUNDLE_IDENTIFIER = uladzislau.daratsiuk.SwedLonUITests;
				PRODUCT_NAME = "$(TARGET_NAME)";
				SWIFT_VERSION = 4.0;
				TARGETED_DEVICE_FAMILY = "1,2";
				TEST_TARGET_NAME = SwedLon;
			};
			name = Debug;
		};
		C0F6744E207DF03700E10E82 /* Release */ = {
			isa = XCBuildConfiguration;
			baseConfigurationReference = C2E45E16CC9C48C265D62C0B /* Pods-SwedLonUITests.release.xcconfig */;
			buildSettings = {
				ALWAYS_EMBED_SWIFT_STANDARD_LIBRARIES = YES;
				CODE_SIGN_STYLE = Automatic;
				DEVELOPMENT_TEAM = Z4NGAZXKWW;
				INFOPLIST_FILE = SwedLonUITests/Info.plist;
				LD_RUNPATH_SEARCH_PATHS = (
					"$(inherited)",
					"@executable_path/Frameworks",
					"@loader_path/Frameworks",
				);
				PRODUCT_BUNDLE_IDENTIFIER = uladzislau.daratsiuk.SwedLonUITests;
				PRODUCT_NAME = "$(TARGET_NAME)";
				SWIFT_VERSION = 4.0;
				TARGETED_DEVICE_FAMILY = "1,2";
				TEST_TARGET_NAME = SwedLon;
			};
			name = Release;
		};
/* End XCBuildConfiguration section */

/* Begin XCConfigurationList section */
		C0F67416207DF03500E10E82 /* Build configuration list for PBXProject "SwedLon" */ = {
			isa = XCConfigurationList;
			buildConfigurations = (
				C0F67444207DF03700E10E82 /* Debug */,
				C0F67445207DF03700E10E82 /* Release */,
			);
			defaultConfigurationIsVisible = 0;
			defaultConfigurationName = Release;
		};
		C0F67446207DF03700E10E82 /* Build configuration list for PBXNativeTarget "SwedLon" */ = {
			isa = XCConfigurationList;
			buildConfigurations = (
				C0F67447207DF03700E10E82 /* Debug */,
				C0F67448207DF03700E10E82 /* Release */,
			);
			defaultConfigurationIsVisible = 0;
			defaultConfigurationName = Release;
		};
		C0F67449207DF03700E10E82 /* Build configuration list for PBXNativeTarget "SwedLonTests" */ = {
			isa = XCConfigurationList;
			buildConfigurations = (
				C0F6744A207DF03700E10E82 /* Debug */,
				C0F6744B207DF03700E10E82 /* Release */,
			);
			defaultConfigurationIsVisible = 0;
			defaultConfigurationName = Release;
		};
		C0F6744C207DF03700E10E82 /* Build configuration list for PBXNativeTarget "SwedLonUITests" */ = {
			isa = XCConfigurationList;
			buildConfigurations = (
				C0F6744D207DF03700E10E82 /* Debug */,
				C0F6744E207DF03700E10E82 /* Release */,
			);
			defaultConfigurationIsVisible = 0;
			defaultConfigurationName = Release;
		};
/* End XCConfigurationList section */

/* Begin XCVersionGroup section */
		C0F67425207DF03600E10E82 /* SwedLon.xcdatamodeld */ = {
			isa = XCVersionGroup;
			children = (
				C0F67426207DF03600E10E82 /* SwedLon.xcdatamodel */,
			);
			currentVersion = C0F67426207DF03600E10E82 /* SwedLon.xcdatamodel */;
			path = SwedLon.xcdatamodeld;
			sourceTree = "<group>";
			versionGroupType = wrapper.xcdatamodel;
		};
/* End XCVersionGroup section */
	};
	rootObject = C0F67413207DF03500E10E82 /* Project object */;
}
